
Microsoft Visual Studio Solution File, Format Version 12.00
# Visual Studio Version 17
VisualStudioVersion = 17.0.31903.59
MinimumVisualStudioVersion = 10.0.40219.1
Project("{2150E333-8FDC-42A3-9474-1A3956D46DE8}") = "src", "src", "{827E0CD3-B72D-47B6-A68D-7590B98EB39B}"
EndProject
Project("{FAE04EC0-301F-11D3-BF4B-00C04F79EFBC}") = "Broli.SOP.API", "src\Broli.SOP.API\Broli.SOP.API.csproj", "{76612F3B-62C2-4B54-9350-7C620AEBC45D}"
EndProject
Project("{FAE04EC0-301F-11D3-BF4B-00C04F79EFBC}") = "Broli.SOP.Application", "src\Broli.SOP.Application\Broli.SOP.Application.csproj", "{ADBAB21D-1292-4ED3-89DE-A1D75961B16E}"
EndProject
Project("{FAE04EC0-301F-11D3-BF4B-00C04F79EFBC}") = "Broli.SOP.Contracts", "src\Broli.SOP.Contracts\Broli.SOP.Contracts.csproj", "{824FB667-975C-448B-899A-AE08F02D6049}"
EndProject
Project("{FAE04EC0-301F-11D3-BF4B-00C04F79EFBC}") = "Broli.SOP.Data", "src\Broli.SOP.Data\Broli.SOP.Data.csproj", "{0C3BBA3C-5386-45F8-86AA-DEA6BF15AE7F}"
EndProject
Project("{FAE04EC0-301F-11D3-BF4B-00C04F79EFBC}") = "Broli.SOP.Domain", "src\Broli.SOP.Domain\Broli.SOP.Domain.csproj", "{9604F285-6012-4F38-941E-E5042F3F4F0F}"
EndProject
Project("{FAE04EC0-301F-11D3-BF4B-00C04F79EFBC}") = "Broli.SOP.Infrastructure", "src\Broli.SOP.Infrastructure\Broli.SOP.Infrastructure.csproj", "{F9DDB3FA-39D8-4FD6-8DD6-62B92DBD0F38}"
EndProject
Project("{FAE04EC0-301F-11D3-BF4B-00C04F79EFBC}") = "Broli.SOP.Web", "src\Broli.SOP.Web\Broli.SOP.Web.csproj", "{140A9A69-8B5C-4712-8B04-3C47064CCF0D}"
EndProject
Project("{2150E333-8FDC-42A3-9474-1A3956D46DE8}") = "tests", "tests", "{0AB3BF05-4346-4AA6-1389-037BE0695223}"
EndProject
Project("{FAE04EC0-301F-11D3-BF4B-00C04F79EFBC}") = "Broli.SOP.Tests", "tests\Broli.SOP.Tests\Broli.SOP.Tests.csproj", "{980416D9-0D32-4BBD-AEC4-895A6943B705}"
EndProject
Global
	GlobalSection(SolutionConfigurationPlatforms) = preSolution
		Debug|Any CPU = Debug|Any CPU
		Debug|x64 = Debug|x64
		Debug|x86 = Debug|x86
		Release|Any CPU = Release|Any CPU
		Release|x64 = Release|x64
		Release|x86 = Release|x86
	EndGlobalSection
	GlobalSection(ProjectConfigurationPlatforms) = postSolution
		{76612F3B-62C2-4B54-9350-7C620AEBC45D}.Debug|Any CPU.ActiveCfg = Debug|Any CPU
		{76612F3B-62C2-4B54-9350-7C620AEBC45D}.Debug|Any CPU.Build.0 = Debug|Any CPU
		{76612F3B-62C2-4B54-9350-7C620AEBC45D}.Debug|x64.ActiveCfg = Debug|Any CPU
		{76612F3B-62C2-4B54-9350-7C620AEBC45D}.Debug|x64.Build.0 = Debug|Any CPU
		{76612F3B-62C2-4B54-9350-7C620AEBC45D}.Debug|x86.ActiveCfg = Debug|Any CPU
		{76612F3B-62C2-4B54-9350-7C620AEBC45D}.Debug|x86.Build.0 = Debug|Any CPU
		{76612F3B-62C2-4B54-9350-7C620AEBC45D}.Release|Any CPU.ActiveCfg = Release|Any CPU
		{76612F3B-62C2-4B54-9350-7C620AEBC45D}.Release|Any CPU.Build.0 = Release|Any CPU
		{76612F3B-62C2-4B54-9350-7C620AEBC45D}.Release|x64.ActiveCfg = Release|Any CPU
		{76612F3B-62C2-4B54-9350-7C620AEBC45D}.Release|x64.Build.0 = Release|Any CPU
		{76612F3B-62C2-4B54-9350-7C620AEBC45D}.Release|x86.ActiveCfg = Release|Any CPU
		{76612F3B-62C2-4B54-9350-7C620AEBC45D}.Release|x86.Build.0 = Release|Any CPU
		{ADBAB21D-1292-4ED3-89DE-A1D75961B16E}.Debug|Any CPU.ActiveCfg = Debug|Any CPU
		{ADBAB21D-1292-4ED3-89DE-A1D75961B16E}.Debug|Any CPU.Build.0 = Debug|Any CPU
		{ADBAB21D-1292-4ED3-89DE-A1D75961B16E}.Debug|x64.ActiveCfg = Debug|Any CPU
		{ADBAB21D-1292-4ED3-89DE-A1D75961B16E}.Debug|x64.Build.0 = Debug|Any CPU
		{ADBAB21D-1292-4ED3-89DE-A1D75961B16E}.Debug|x86.ActiveCfg = Debug|Any CPU
		{ADBAB21D-1292-4ED3-89DE-A1D75961B16E}.Debug|x86.Build.0 = Debug|Any CPU
		{ADBAB21D-1292-4ED3-89DE-A1D75961B16E}.Release|Any CPU.ActiveCfg = Release|Any CPU
		{ADBAB21D-1292-4ED3-89DE-A1D75961B16E}.Release|Any CPU.Build.0 = Release|Any CPU
		{ADBAB21D-1292-4ED3-89DE-A1D75961B16E}.Release|x64.ActiveCfg = Release|Any CPU
		{ADBAB21D-1292-4ED3-89DE-A1D75961B16E}.Release|x64.Build.0 = Release|Any CPU
		{ADBAB21D-1292-4ED3-89DE-A1D75961B16E}.Release|x86.ActiveCfg = Release|Any CPU
		{ADBAB21D-1292-4ED3-89DE-A1D75961B16E}.Release|x86.Build.0 = Release|Any CPU
		{824FB667-975C-448B-899A-AE08F02D6049}.Debug|Any CPU.ActiveCfg = Debug|Any CPU
		{824FB667-975C-448B-899A-AE08F02D6049}.Debug|Any CPU.Build.0 = Debug|Any CPU
		{824FB667-975C-448B-899A-AE08F02D6049}.Debug|x64.ActiveCfg = Debug|Any CPU
		{824FB667-975C-448B-899A-AE08F02D6049}.Debug|x64.Build.0 = Debug|Any CPU
		{824FB667-975C-448B-899A-AE08F02D6049}.Debug|x86.ActiveCfg = Debug|Any CPU
		{824FB667-975C-448B-899A-AE08F02D6049}.Debug|x86.Build.0 = Debug|Any CPU
		{824FB667-975C-448B-899A-AE08F02D6049}.Release|Any CPU.ActiveCfg = Release|Any CPU
		{824FB667-975C-448B-899A-AE08F02D6049}.Release|Any CPU.Build.0 = Release|Any CPU
		{824FB667-975C-448B-899A-AE08F02D6049}.Release|x64.ActiveCfg = Release|Any CPU
		{824FB667-975C-448B-899A-AE08F02D6049}.Release|x64.Build.0 = Release|Any CPU
		{824FB667-975C-448B-899A-AE08F02D6049}.Release|x86.ActiveCfg = Release|Any CPU
		{824FB667-975C-448B-899A-AE08F02D6049}.Release|x86.Build.0 = Release|Any CPU
		{0C3BBA3C-5386-45F8-86AA-DEA6BF15AE7F}.Debug|Any CPU.ActiveCfg = Debug|Any CPU
		{0C3BBA3C-5386-45F8-86AA-DEA6BF15AE7F}.Debug|Any CPU.Build.0 = Debug|Any CPU
		{0C3BBA3C-5386-45F8-86AA-DEA6BF15AE7F}.Debug|x64.ActiveCfg = Debug|Any CPU
		{0C3BBA3C-5386-45F8-86AA-DEA6BF15AE7F}.Debug|x64.Build.0 = Debug|Any CPU
		{0C3BBA3C-5386-45F8-86AA-DEA6BF15AE7F}.Debug|x86.ActiveCfg = Debug|Any CPU
		{0C3BBA3C-5386-45F8-86AA-DEA6BF15AE7F}.Debug|x86.Build.0 = Debug|Any CPU
		{0C3BBA3C-5386-45F8-86AA-DEA6BF15AE7F}.Release|Any CPU.ActiveCfg = Release|Any CPU
		{0C3BBA3C-5386-45F8-86AA-DEA6BF15AE7F}.Release|Any CPU.Build.0 = Release|Any CPU
		{0C3BBA3C-5386-45F8-86AA-DEA6BF15AE7F}.Release|x64.ActiveCfg = Release|Any CPU
		{0C3BBA3C-5386-45F8-86AA-DEA6BF15AE7F}.Release|x64.Build.0 = Release|Any CPU
		{0C3BBA3C-5386-45F8-86AA-DEA6BF15AE7F}.Release|x86.ActiveCfg = Release|Any CPU
		{0C3BBA3C-5386-45F8-86AA-DEA6BF15AE7F}.Release|x86.Build.0 = Release|Any CPU
		{9604F285-6012-4F38-941E-E5042F3F4F0F}.Debug|Any CPU.ActiveCfg = Debug|Any CPU
		{9604F285-6012-4F38-941E-E5042F3F4F0F}.Debug|Any CPU.Build.0 = Debug|Any CPU
		{9604F285-6012-4F38-941E-E5042F3F4F0F}.Debug|x64.ActiveCfg = Debug|Any CPU
		{9604F285-6012-4F38-941E-E5042F3F4F0F}.Debug|x64.Build.0 = Debug|Any CPU
		{9604F285-6012-4F38-941E-E5042F3F4F0F}.Debug|x86.ActiveCfg = Debug|Any CPU
		{9604F285-6012-4F38-941E-E5042F3F4F0F}.Debug|x86.Build.0 = Debug|Any CPU
		{9604F285-6012-4F38-941E-E5042F3F4F0F}.Release|Any CPU.ActiveCfg = Release|Any CPU
		{9604F285-6012-4F38-941E-E5042F3F4F0F}.Release|Any CPU.Build.0 = Release|Any CPU
		{9604F285-6012-4F38-941E-E5042F3F4F0F}.Release|x64.ActiveCfg = Release|Any CPU
		{9604F285-6012-4F38-941E-E5042F3F4F0F}.Release|x64.Build.0 = Release|Any CPU
		{9604F285-6012-4F38-941E-E5042F3F4F0F}.Release|x86.ActiveCfg = Release|Any CPU
		{9604F285-6012-4F38-941E-E5042F3F4F0F}.Release|x86.Build.0 = Release|Any CPU
		{F9DDB3FA-39D8-4FD6-8DD6-62B92DBD0F38}.Debug|Any CPU.ActiveCfg = Debug|Any CPU
		{F9DDB3FA-39D8-4FD6-8DD6-62B92DBD0F38}.Debug|Any CPU.Build.0 = Debug|Any CPU
		{F9DDB3FA-39D8-4FD6-8DD6-62B92DBD0F38}.Debug|x64.ActiveCfg = Debug|Any CPU
		{F9DDB3FA-39D8-4FD6-8DD6-62B92DBD0F38}.Debug|x64.Build.0 = Debug|Any CPU
		{F9DDB3FA-39D8-4FD6-8DD6-62B92DBD0F38}.Debug|x86.ActiveCfg = Debug|Any CPU
		{F9DDB3FA-39D8-4FD6-8DD6-62B92DBD0F38}.Debug|x86.Build.0 = Debug|Any CPU
		{F9DDB3FA-39D8-4FD6-8DD6-62B92DBD0F38}.Release|Any CPU.ActiveCfg = Release|Any CPU
		{F9DDB3FA-39D8-4FD6-8DD6-62B92DBD0F38}.Release|Any CPU.Build.0 = Release|Any CPU
		{F9DDB3FA-39D8-4FD6-8DD6-62B92DBD0F38}.Release|x64.ActiveCfg = Release|Any CPU
		{F9DDB3FA-39D8-4FD6-8DD6-62B92DBD0F38}.Release|x64.Build.0 = Release|Any CPU
		{F9DDB3FA-39D8-4FD6-8DD6-62B92DBD0F38}.Release|x86.ActiveCfg = Release|Any CPU
		{F9DDB3FA-39D8-4FD6-8DD6-62B92DBD0F38}.Release|x86.Build.0 = Release|Any CPU
		{140A9A69-8B5C-4712-8B04-3C47064CCF0D}.Debug|Any CPU.ActiveCfg = Debug|Any CPU
		{140A9A69-8B5C-4712-8B04-3C47064CCF0D}.Debug|Any CPU.Build.0 = Debug|Any CPU
		{140A9A69-8B5C-4712-8B04-3C47064CCF0D}.Debug|x64.ActiveCfg = Debug|Any CPU
		{140A9A69-8B5C-4712-8B04-3C47064CCF0D}.Debug|x64.Build.0 = Debug|Any CPU
		{140A9A69-8B5C-4712-8B04-3C47064CCF0D}.Debug|x86.ActiveCfg = Debug|Any CPU
		{140A9A69-8B5C-4712-8B04-3C47064CCF0D}.Debug|x86.Build.0 = Debug|Any CPU
		{140A9A69-8B5C-4712-8B04-3C47064CCF0D}.Release|Any CPU.ActiveCfg = Release|Any CPU
		{140A9A69-8B5C-4712-8B04-3C47064CCF0D}.Release|Any CPU.Build.0 = Release|Any CPU
		{140A9A69-8B5C-4712-8B04-3C47064CCF0D}.Release|x64.ActiveCfg = Release|Any CPU
		{140A9A69-8B5C-4712-8B04-3C47064CCF0D}.Release|x64.Build.0 = Release|Any CPU
		{140A9A69-8B5C-4712-8B04-3C47064CCF0D}.Release|x86.ActiveCfg = Release|Any CPU
		{140A9A69-8B5C-4712-8B04-3C47064CCF0D}.Release|x86.Build.0 = Release|Any CPU
		{980416D9-0D32-4BBD-AEC4-895A6943B705}.Debug|Any CPU.ActiveCfg = Debug|Any CPU
		{980416D9-0D32-4BBD-AEC4-895A6943B705}.Debug|Any CPU.Build.0 = Debug|Any CPU
		{980416D9-0D32-4BBD-AEC4-895A6943B705}.Debug|x64.ActiveCfg = Debug|Any CPU
		{980416D9-0D32-4BBD-AEC4-895A6943B705}.Debug|x64.Build.0 = Debug|Any CPU
		{980416D9-0D32-4BBD-AEC4-895A6943B705}.Debug|x86.ActiveCfg = Debug|Any CPU
		{980416D9-0D32-4BBD-AEC4-895A6943B705}.Debug|x86.Build.0 = Debug|Any CPU
		{980416D9-0D32-4BBD-AEC4-895A6943B705}.Release|Any CPU.ActiveCfg = Release|Any CPU
		{980416D9-0D32-4BBD-AEC4-895A6943B705}.Release|Any CPU.Build.0 = Release|Any CPU
		{980416D9-0D32-4BBD-AEC4-895A6943B705}.Release|x64.ActiveCfg = Release|Any CPU
		{980416D9-0D32-4BBD-AEC4-895A6943B705}.Release|x64.Build.0 = Release|Any CPU
		{980416D9-0D32-4BBD-AEC4-895A6943B705}.Release|x86.ActiveCfg = Release|Any CPU
		{980416D9-0D32-4BBD-AEC4-895A6943B705}.Release|x86.Build.0 = Release|Any CPU
	EndGlobalSection
	GlobalSection(SolutionProperties) = preSolution
		HideSolutionNode = FALSE
	EndGlobalSection
	GlobalSection(NestedProjects) = preSolution
		{76612F3B-62C2-4B54-9350-7C620AEBC45D} = {827E0CD3-B72D-47B6-A68D-7590B98EB39B}
		{ADBAB21D-1292-4ED3-89DE-A1D75961B16E} = {827E0CD3-B72D-47B6-A68D-7590B98EB39B}
		{824FB667-975C-448B-899A-AE08F02D6049} = {827E0CD3-B72D-47B6-A68D-7590B98EB39B}
		{0C3BBA3C-5386-45F8-86AA-DEA6BF15AE7F} = {827E0CD3-B72D-47B6-A68D-7590B98EB39B}
		{9604F285-6012-4F38-941E-E5042F3F4F0F} = {827E0CD3-B72D-47B6-A68D-7590B98EB39B}
		{F9DDB3FA-39D8-4FD6-8DD6-62B92DBD0F38} = {827E0CD3-B72D-47B6-A68D-7590B98EB39B}
		{140A9A69-8B5C-4712-8B04-3C47064CCF0D} = {827E0CD3-B72D-47B6-A68D-7590B98EB39B}
		{980416D9-0D32-4BBD-AEC4-895A6943B705} = {0AB3BF05-4346-4AA6-1389-037BE0695223}
	EndGlobalSection
EndGlobal
